# This file is autogenerated, do not edit; changes may be undone by the next 'dep ensure'.


[[projects]]
  branch = "master"
  name = "github.com/golang/protobuf"
  packages = ["proto","ptypes","ptypes/any","ptypes/duration","ptypes/timestamp"]
  revision = "130e6b02ab059e7b717a096f397c5b60111cae74"

[[projects]]
  branch = "master"
  name = "github.com/hexablock/go-chord"
  packages = [".","coordinate"]
  revision = "d0f2d560a5bc586e4b7fedb8b62475b262e13889"

[[projects]]
  branch = "master"
  name = "github.com/hexablock/hexaring"
  packages = ["."]
  revision = "28a4b6299ad96fc04d4b1cf797466b7d4deaf21d"

[[projects]]
  branch = "master"
  name = "github.com/hexablock/hexatype"
  packages = ["."]
  revision = "1f320aed14576ce82f35e460056260dd899698cf"

[[projects]]
  branch = "master"
  name = "github.com/hexablock/log"
  packages = ["."]
  revision = "c387aaaa9df159cc3298e855829eb639ebee1e7e"

[[projects]]
  branch = "master"
  name = "github.com/minio/blake2b-simd"
  packages = ["."]
  revision = "3f5f724cb5b182a5c278d6d3d55b40e7f8c2efb4"

[[projects]]
  branch = "master"
  name = "golang.org/x/net"
  packages = ["context","http2","http2/hpack","idna","internal/timeseries","lex/httplex","trace"]
  revision = "a04bdaca5b32abe1c069418fb7088ae607de5bd0"

[[projects]]
  branch = "master"
  name = "golang.org/x/text"
  packages = ["internal/gen","internal/triegen","internal/ucd","secure/bidirule","transform","unicode/bidi","unicode/cldr","unicode/norm","unicode/rangetable"]
  revision = "bd91bbf73e9a4a801adbfb97133c992678533126"

[[projects]]
  branch = "master"
  name = "google.golang.org/genproto"
  packages = ["googleapis/rpc/status"]
  revision = "595979c8a7bf586b2d293fb42246bf91a0b893d9"

[[projects]]
  branch = "master"
  name = "google.golang.org/grpc"
  packages = [".","balancer","codes","connectivity","credentials","grpclb/grpc_lb_v1/messages","grpclog","internal","keepalive","metadata","naming","peer","resolver","stats","status","tap","transport"]
  revision = "3214f767e5a22021f792f7c4625a6380ce1eb2b2"

[solve-meta]
  analyzer-name = "dep"
  analyzer-version = 1
  inputs-digest = "340d9646447230d465c9bcf8f7d47f46acd1d94a439d9d9b3dc464b4bdfaf690"
  solver-name = "gps-cdcl"
  solver-version = 1
